
Microsoft Visual Studio Solution File, Format Version 12.00
# Visual Studio Version 17
VisualStudioVersion = 17.13.35919.96 d17.13
MinimumVisualStudioVersion = 10.0.40219.1
Project("{FAE04EC0-301F-11D3-BF4B-00C04F79EFBC}") = "ColorPicker", "ColorPicker\ColorPicker.csproj", "{FEA7F587-5511-4951-94F7-1AD2315C13A2}"
EndProject
Global
	GlobalSection(SolutionConfigurationPlatforms) = preSolution
		Debug|Any CPU = Debug|Any CPU
		Release|Any CPU = Release|Any CPU
	EndGlobalSection
	GlobalSection(ProjectConfigurationPlatforms) = postSolution
		{FEA7F587-5511-4951-94F7-1AD2315C13A2}.Debug|Any CPU.ActiveCfg = Debug|Any CPU
		{FEA7F587-5511-4951-94F7-1AD2315C13A2}.Debug|Any CPU.Build.0 = Debug|Any CPU
		{FEA7F587-5511-4951-94F7-1AD2315C13A2}.Release|Any CPU.ActiveCfg = Release|Any CPU
		{FEA7F587-5511-4951-94F7-1AD2315C13A2}.Release|Any CPU.Build.0 = Release|Any CPU
	EndGlobalSection
	GlobalSection(SolutionProperties) = preSolution
		HideSolutionNode = FALSE
	EndGlobalSection
	GlobalSection(ExtensibilityGlobals) = postSolution
		SolutionGuid = {5E318942-38C2-4002-8BEE-7B788FBD8C94}
	EndGlobalSection
EndGlobal
